{
  "current_commit": "72b8535c02d05696dd154b3fc4c9e99e3a2446b6",
  "working_tree_dirty": true,
  "generated_at": "2026-08-12T06:45:34Z",
  "scanned_scope": [
    "."
  ],
  "excluded_directories": [
    ".cache",
    ".git",
    ".hg",
    ".next",
    ".nuxt",
    ".scratch",
    ".svn",
    ".turbo",
    ".venv",
    "__pycache__",
    "build",
    "coverage",
    "dist",
    "docs/codemap",
    "generated",
    "node_modules",
    "out",
    "target",
    "vendor",
    "venv"
  ],
  "fingerprint_algorithm": "sha256-path-content-v1",
  "modules": [
    {
      "id": ".",
      "path": ".",
      "file_count": 3,
      "fingerprint": "cac68b0a9c805f1c627bc92b54f10fced20a7bd36763dabb3122e6913c3a61e7"
    },
    {
      "id": ".github",
      "path": ".github",
      "file_count": 1,
      "fingerprint": "29e603c2ed6468437f236edda527df57ca1064f81759db34b092054e5d202384"
    },
    {
      "id": ".vscode",
      "path": ".vscode",
      "file_count": 1,
      "fingerprint": "bbf1e76a58dd4db85797ed4a074b0bcff268803ac17afbab1f2d26b6372f429a"
    },
    {
      "id": "snes-midi-composer-maintainer",
      "path": "snes-midi-composer-maintainer",
      "file_count": 59,
      "fingerprint": "a8c706ad658c782b091d0158f08dee822d34046c6702dd845d3cff5314fe710d"
    },
    {
      "id": "snes-midi-composer-showcase",
      "path": "snes-midi-composer-showcase",
      "file_count": 476,
      "fingerprint": "84bfc8402f9925df69a3a1986da02a249af90bcb87bcf29472445429f7482e57"
    },
    {
      "id": "snes-midi-composer-skill",
      "path": "snes-midi-composer-skill",
      "file_count": 86,
      "fingerprint": "1114e45dfafe2e9d23e6ac76dd605b83731bc9f5455bd378ed89093079c45ff8"
    }
  ]
}
