{
  "source_commit": "68d50f305eee25c3ab53a8feb5121ff91bb9fde5",
  "working_tree_dirty": true,
  "generated_at": "2026-08-20T03:20:01Z",
  "scanned_scope": [
    "."
  ],
  "excluded_directories": [
    ".agents",
    ".cache",
    ".git",
    ".hg",
    ".next",
    ".nuxt",
    ".obsidian",
    ".svn",
    ".turbo",
    ".venv",
    ".vscode",
    "__pycache__",
    "build",
    "coverage",
    "dist",
    "docs/codemap",
    "generated",
    "node_modules",
    "out",
    "target",
    "vendor",
    "venv"
  ],
  "fingerprint_algorithm": "sha256-path-content-v2",
  "modules": [
    {
      "id": ".",
      "path": ".",
      "file_count": 3,
      "fingerprint": "1ad11308f126064febd08fcf8945bced55a599e0d5ab2836fe5e6bbdd135d8c6"
    },
    {
      "id": ".github",
      "path": ".github",
      "file_count": 1,
      "fingerprint": "06699950f41890c03e3dfe6094561ec768ecc438825701f456d8bd25f8442427"
    },
    {
      "id": "docs",
      "path": "docs",
      "file_count": 4,
      "fingerprint": "6a5db59b69ae502cc3776deab448103b250776e972d74164d2afeeedec0c477e"
    },
    {
      "id": "game-music-composer",
      "path": "game-music-composer",
      "file_count": 86,
      "fingerprint": "a6ebeb86428b16f53d94bdfe63ddc4312a13cd8bb1ea6003050e32e0dd32a16a"
    },
    {
      "id": "game-music-composer-maintainer",
      "path": "game-music-composer-maintainer",
      "file_count": 59,
      "fingerprint": "eac9d94047e7d4b03627470b7c3dd36bacce30bdb6d6ca6ac12a3e30e29e6d02"
    },
    {
      "id": "game-music-composer-showcase",
      "path": "game-music-composer-showcase",
      "file_count": 478,
      "fingerprint": "75a1bb29e719cd780d44a6175ec2037e9ef307a34fe926006b49014ef14a3160"
    }
  ]
}
